
Microsoft Visual Studio Solution File, Format Version 12.00
# Visual Studio 15
VisualStudioVersion = 15.0.28307.421
MinimumVisualStudioVersion = 10.0.40219.1
Project("{FAE04EC0-301F-11D3-BF4B-00C04F79EFBC}") = "riggsVSStudioGit", "riggsVSStudioGit\riggsVSStudioGit.csproj", "{080934E7-CA27-4384-B698-3F368C37AFA9}"
EndProject
Global
	GlobalSection(SolutionConfigurationPlatforms) = preSolution
		Debug|Any CPU = Debug|Any CPU
		Release|Any CPU = Release|Any CPU
	EndGlobalSection
	GlobalSection(ProjectConfigurationPlatforms) = postSolution
		{080934E7-CA27-4384-B698-3F368C37AFA9}.Debug|Any CPU.ActiveCfg = Debug|Any CPU
		{080934E7-CA27-4384-B698-3F368C37AFA9}.Debug|Any CPU.Build.0 = Debug|Any CPU
		{080934E7-CA27-4384-B698-3F368C37AFA9}.Release|Any CPU.ActiveCfg = Release|Any CPU
		{080934E7-CA27-4384-B698-3F368C37AFA9}.Release|Any CPU.Build.0 = Release|Any CPU
	EndGlobalSection
	GlobalSection(SolutionProperties) = preSolution
		HideSolutionNode = FALSE
	EndGlobalSection
	GlobalSection(ExtensibilityGlobals) = postSolution
		SolutionGuid = {F28DAF2B-CFDE-4681-9C92-15E26AE4108D}
	EndGlobalSection
EndGlobal
